{
  "name": "malin",
  "version": "1.0.0",
  "lockfileVersion": 2,
  "requires": true,
  "packages": {
    "": {
      "version": "1.0.0",
      "license": "ISC",
      "devDependencies": {
        "aframe-mouse-cursor-component": "^0.5.3"
      }
    },
    "node_modules/aframe-mouse-cursor-component": {
      "version": "0.5.3",
      "resolved": "https://registry.npmjs.org/aframe-mouse-cursor-component/-/aframe-mouse-cursor-component-0.5.3.tgz",
      "integrity": "sha512-TfYY2aWMWai3M9ZPUUO3D5nQzjtlKfk/aMUqLEY0htfrUazBpR53keK923lM2RQJMVptrVUtO+pmNRJDQL9sPg==",
      "dev": true
    }
  },
  "dependencies": {
    "aframe-mouse-cursor-component": {
      "version": "0.5.3",
      "resolved": "https://registry.npmjs.org/aframe-mouse-cursor-component/-/aframe-mouse-cursor-component-0.5.3.tgz",
      "integrity": "sha512-TfYY2aWMWai3M9ZPUUO3D5nQzjtlKfk/aMUqLEY0htfrUazBpR53keK923lM2RQJMVptrVUtO+pmNRJDQL9sPg==",
      "dev": true
    }
  }
}
